
Microsoft Visual Studio Solution File, Format Version 12.00
# Visual Studio 14
VisualStudioVersion = 14.0.23107.0
MinimumVisualStudioVersion = 10.0.40219.1
Project("{FAE04EC0-301F-11D3-BF4B-00C04F79EFBC}") = "RobotEnclaves.UnitTests", "Engine.UnitTests\RobotEnclaves.UnitTests.csproj", "{32B1D62F-9B6C-4B46-B5A6-4F46C4A5E432}"
EndProject
Project("{FAE04EC0-301F-11D3-BF4B-00C04F79EFBC}") = "VectorMath", "VectorMath\VectorMath.csproj", "{E28A40E7-8894-4524-B748-8F89E8014E30}"
EndProject
Project("{FAE04EC0-301F-11D3-BF4B-00C04F79EFBC}") = "RobotEnclaves.Windows81", "RobotEnclaves.Windows81\RobotEnclaves.Windows81.csproj", "{171F215F-D93F-4A63-962B-937677155FED}"
EndProject
Project("{FAE04EC0-301F-11D3-BF4B-00C04F79EFBC}") = "World", "World\World.csproj", "{F013C946-FDDF-4108-9491-0AE810C38ACC}"
EndProject
Project("{FAE04EC0-301F-11D3-BF4B-00C04F79EFBC}") = "Engine", "Engine\Engine.csproj", "{510947F5-A241-4B25-9022-DF61AB0FB379}"
EndProject
Project("{FAE04EC0-301F-11D3-BF4B-00C04F79EFBC}") = "Rendering", "Rendering\Rendering.csproj", "{A1962D5E-3274-433B-955B-817F9145A5F7}"
EndProject
Project("{FAE04EC0-301F-11D3-BF4B-00C04F79EFBC}") = "ExtensionMethods", "ExtensionMethods\ExtensionMethods.csproj", "{10151759-4783-4AB1-AF24-9303EAD0D69F}"
EndProject
Project("{FAE04EC0-301F-11D3-BF4B-00C04F79EFBC}") = "UserInput", "UserInput\UserInput.csproj", "{E760BBD1-FBF1-40C1-A604-ABF79FFFF7DE}"
EndProject
Project("{FAE04EC0-301F-11D3-BF4B-00C04F79EFBC}") = "Common", "Common\Common.csproj", "{70C59C48-432D-410A-9298-BB42AEFCDE65}"
EndProject
Project("{FAE04EC0-301F-11D3-BF4B-00C04F79EFBC}") = "RobotEnclaves.Windows10", "RobotEnclaves.Windows10\RobotEnclaves.Windows10.csproj", "{674CE340-68EE-45FB-82C9-FC9BCF54661C}"
EndProject
Project("{FAE04EC0-301F-11D3-BF4B-00C04F79EFBC}") = "ActionPlatformer", "ActionPlatformer\ActionPlatformer.csproj", "{F9047A69-93A4-4408-BD57-207CDF294818}"
EndProject
Project("{FAE04EC0-301F-11D3-BF4B-00C04F79EFBC}") = "PhysicsEngine", "PhysicsEngine\PhysicsEngine.csproj", "{0FFF41F8-80E0-44D7-9BE1-DB28AA6966AE}"
EndProject
Project("{FAE04EC0-301F-11D3-BF4B-00C04F79EFBC}") = "EasterBunnyMadness", "EasterBunnyMadness\EasterBunnyMadness.csproj", "{D323210C-D447-4978-9E1F-72E703A635FC}"
EndProject
Project("{FAE04EC0-301F-11D3-BF4B-00C04F79EFBC}") = "MonoShims", "MonoShims\MonoShims.csproj", "{BE1B764D-0BD6-4D43-8BEE-1EA1DD9DAD8E}"
EndProject
Project("{FAE04EC0-301F-11D3-BF4B-00C04F79EFBC}") = "UnitTestSuite.PhysicsEngine", "UnitTestSuite.PhysicsEngine\UnitTestSuite.PhysicsEngine.csproj", "{DF1ABCFA-1A5D-4C83-9A43-FD6F0AA4EE51}"
EndProject
Project("{FAE04EC0-301F-11D3-BF4B-00C04F79EFBC}") = "UnitTestSuite.VectorMath", "UnitTestSuite.VectorMath\UnitTestSuite.VectorMath.csproj", "{A06179EE-849D-40BC-9833-8EBA4D97F34C}"
EndProject
Global
	GlobalSection(SolutionConfigurationPlatforms) = preSolution
		Debug|Any CPU = Debug|Any CPU
		Debug|ARM = Debug|ARM
		Debug|x64 = Debug|x64
		Debug|x86 = Debug|x86
		Release|Any CPU = Release|Any CPU
		Release|ARM = Release|ARM
		Release|x64 = Release|x64
		Release|x86 = Release|x86
	EndGlobalSection
	GlobalSection(ProjectConfigurationPlatforms) = postSolution
		{32B1D62F-9B6C-4B46-B5A6-4F46C4A5E432}.Debug|Any CPU.ActiveCfg = Debug|Any CPU
		{32B1D62F-9B6C-4B46-B5A6-4F46C4A5E432}.Debug|Any CPU.Build.0 = Debug|Any CPU
		{32B1D62F-9B6C-4B46-B5A6-4F46C4A5E432}.Debug|ARM.ActiveCfg = Debug|Any CPU
		{32B1D62F-9B6C-4B46-B5A6-4F46C4A5E432}.Debug|x64.ActiveCfg = Debug|Any CPU
		{32B1D62F-9B6C-4B46-B5A6-4F46C4A5E432}.Debug|x86.ActiveCfg = Debug|Any CPU
		{32B1D62F-9B6C-4B46-B5A6-4F46C4A5E432}.Release|Any CPU.ActiveCfg = Release|Any CPU
		{32B1D62F-9B6C-4B46-B5A6-4F46C4A5E432}.Release|Any CPU.Build.0 = Release|Any CPU
		{32B1D62F-9B6C-4B46-B5A6-4F46C4A5E432}.Release|ARM.ActiveCfg = Release|Any CPU
		{32B1D62F-9B6C-4B46-B5A6-4F46C4A5E432}.Release|x64.ActiveCfg = Release|Any CPU
		{32B1D62F-9B6C-4B46-B5A6-4F46C4A5E432}.Release|x86.ActiveCfg = Release|Any CPU
		{E28A40E7-8894-4524-B748-8F89E8014E30}.Debug|Any CPU.ActiveCfg = Debug|Any CPU
		{E28A40E7-8894-4524-B748-8F89E8014E30}.Debug|Any CPU.Build.0 = Debug|Any CPU
		{E28A40E7-8894-4524-B748-8F89E8014E30}.Debug|ARM.ActiveCfg = Debug|Any CPU
		{E28A40E7-8894-4524-B748-8F89E8014E30}.Debug|x64.ActiveCfg = Debug|Any CPU
		{E28A40E7-8894-4524-B748-8F89E8014E30}.Debug|x86.ActiveCfg = Debug|Any CPU
		{E28A40E7-8894-4524-B748-8F89E8014E30}.Release|Any CPU.ActiveCfg = Release|Any CPU
		{E28A40E7-8894-4524-B748-8F89E8014E30}.Release|Any CPU.Build.0 = Release|Any CPU
		{E28A40E7-8894-4524-B748-8F89E8014E30}.Release|ARM.ActiveCfg = Release|Any CPU
		{E28A40E7-8894-4524-B748-8F89E8014E30}.Release|x64.ActiveCfg = Release|Any CPU
		{E28A40E7-8894-4524-B748-8F89E8014E30}.Release|x86.ActiveCfg = Release|Any CPU
		{171F215F-D93F-4A63-962B-937677155FED}.Debug|Any CPU.ActiveCfg = Debug|Any CPU
		{171F215F-D93F-4A63-962B-937677155FED}.Debug|Any CPU.Build.0 = Debug|Any CPU
		{171F215F-D93F-4A63-962B-937677155FED}.Debug|Any CPU.Deploy.0 = Debug|Any CPU
		{171F215F-D93F-4A63-962B-937677155FED}.Debug|ARM.ActiveCfg = Debug|ARM
		{171F215F-D93F-4A63-962B-937677155FED}.Debug|ARM.Build.0 = Debug|ARM
		{171F215F-D93F-4A63-962B-937677155FED}.Debug|ARM.Deploy.0 = Debug|ARM
		{171F215F-D93F-4A63-962B-937677155FED}.Debug|x64.ActiveCfg = Debug|x64
		{171F215F-D93F-4A63-962B-937677155FED}.Debug|x64.Build.0 = Debug|x64
		{171F215F-D93F-4A63-962B-937677155FED}.Debug|x64.Deploy.0 = Debug|x64
		{171F215F-D93F-4A63-962B-937677155FED}.Debug|x86.ActiveCfg = Debug|x86
		{171F215F-D93F-4A63-962B-937677155FED}.Debug|x86.Build.0 = Debug|x86
		{171F215F-D93F-4A63-962B-937677155FED}.Debug|x86.Deploy.0 = Debug|x86
		{171F215F-D93F-4A63-962B-937677155FED}.Release|Any CPU.ActiveCfg = Release|Any CPU
		{171F215F-D93F-4A63-962B-937677155FED}.Release|Any CPU.Build.0 = Release|Any CPU
		{171F215F-D93F-4A63-962B-937677155FED}.Release|Any CPU.Deploy.0 = Release|Any CPU
		{171F215F-D93F-4A63-962B-937677155FED}.Release|ARM.ActiveCfg = Release|ARM
		{171F215F-D93F-4A63-962B-937677155FED}.Release|ARM.Build.0 = Release|ARM
		{171F215F-D93F-4A63-962B-937677155FED}.Release|ARM.Deploy.0 = Release|ARM
		{171F215F-D93F-4A63-962B-937677155FED}.Release|x64.ActiveCfg = Release|x64
		{171F215F-D93F-4A63-962B-937677155FED}.Release|x64.Build.0 = Release|x64
		{171F215F-D93F-4A63-962B-937677155FED}.Release|x64.Deploy.0 = Release|x64
		{171F215F-D93F-4A63-962B-937677155FED}.Release|x86.ActiveCfg = Release|x86
		{171F215F-D93F-4A63-962B-937677155FED}.Release|x86.Build.0 = Release|x86
		{171F215F-D93F-4A63-962B-937677155FED}.Release|x86.Deploy.0 = Release|x86
		{F013C946-FDDF-4108-9491-0AE810C38ACC}.Debug|Any CPU.ActiveCfg = Debug|Any CPU
		{F013C946-FDDF-4108-9491-0AE810C38ACC}.Debug|Any CPU.Build.0 = Debug|Any CPU
		{F013C946-FDDF-4108-9491-0AE810C38ACC}.Debug|ARM.ActiveCfg = Debug|Any CPU
		{F013C946-FDDF-4108-9491-0AE810C38ACC}.Debug|x64.ActiveCfg = Debug|Any CPU
		{F013C946-FDDF-4108-9491-0AE810C38ACC}.Debug|x86.ActiveCfg = Debug|Any CPU
		{F013C946-FDDF-4108-9491-0AE810C38ACC}.Release|Any CPU.ActiveCfg = Release|Any CPU
		{F013C946-FDDF-4108-9491-0AE810C38ACC}.Release|Any CPU.Build.0 = Release|Any CPU
		{F013C946-FDDF-4108-9491-0AE810C38ACC}.Release|ARM.ActiveCfg = Release|Any CPU
		{F013C946-FDDF-4108-9491-0AE810C38ACC}.Release|x64.ActiveCfg = Release|Any CPU
		{F013C946-FDDF-4108-9491-0AE810C38ACC}.Release|x86.ActiveCfg = Release|Any CPU
		{510947F5-A241-4B25-9022-DF61AB0FB379}.Debug|Any CPU.ActiveCfg = Debug|Any CPU
		{510947F5-A241-4B25-9022-DF61AB0FB379}.Debug|Any CPU.Build.0 = Debug|Any CPU
		{510947F5-A241-4B25-9022-DF61AB0FB379}.Debug|ARM.ActiveCfg = Debug|Any CPU
		{510947F5-A241-4B25-9022-DF61AB0FB379}.Debug|x64.ActiveCfg = Debug|Any CPU
		{510947F5-A241-4B25-9022-DF61AB0FB379}.Debug|x86.ActiveCfg = Debug|Any CPU
		{510947F5-A241-4B25-9022-DF61AB0FB379}.Release|Any CPU.ActiveCfg = Release|Any CPU
		{510947F5-A241-4B25-9022-DF61AB0FB379}.Release|Any CPU.Build.0 = Release|Any CPU
		{510947F5-A241-4B25-9022-DF61AB0FB379}.Release|ARM.ActiveCfg = Release|Any CPU
		{510947F5-A241-4B25-9022-DF61AB0FB379}.Release|x64.ActiveCfg = Release|Any CPU
		{510947F5-A241-4B25-9022-DF61AB0FB379}.Release|x86.ActiveCfg = Release|Any CPU
		{A1962D5E-3274-433B-955B-817F9145A5F7}.Debug|Any CPU.ActiveCfg = Debug|Any CPU
		{A1962D5E-3274-433B-955B-817F9145A5F7}.Debug|Any CPU.Build.0 = Debug|Any CPU
		{A1962D5E-3274-433B-955B-817F9145A5F7}.Debug|ARM.ActiveCfg = Debug|Any CPU
		{A1962D5E-3274-433B-955B-817F9145A5F7}.Debug|x64.ActiveCfg = Debug|Any CPU
		{A1962D5E-3274-433B-955B-817F9145A5F7}.Debug|x86.ActiveCfg = Debug|Any CPU
		{A1962D5E-3274-433B-955B-817F9145A5F7}.Release|Any CPU.ActiveCfg = Release|Any CPU
		{A1962D5E-3274-433B-955B-817F9145A5F7}.Release|Any CPU.Build.0 = Release|Any CPU
		{A1962D5E-3274-433B-955B-817F9145A5F7}.Release|ARM.ActiveCfg = Release|Any CPU
		{A1962D5E-3274-433B-955B-817F9145A5F7}.Release|x64.ActiveCfg = Release|Any CPU
		{A1962D5E-3274-433B-955B-817F9145A5F7}.Release|x86.ActiveCfg = Release|Any CPU
		{10151759-4783-4AB1-AF24-9303EAD0D69F}.Debug|Any CPU.ActiveCfg = Debug|Any CPU
		{10151759-4783-4AB1-AF24-9303EAD0D69F}.Debug|Any CPU.Build.0 = Debug|Any CPU
		{10151759-4783-4AB1-AF24-9303EAD0D69F}.Debug|ARM.ActiveCfg = Debug|Any CPU
		{10151759-4783-4AB1-AF24-9303EAD0D69F}.Debug|x64.ActiveCfg = Debug|Any CPU
		{10151759-4783-4AB1-AF24-9303EAD0D69F}.Debug|x86.ActiveCfg = Debug|Any CPU
		{10151759-4783-4AB1-AF24-9303EAD0D69F}.Release|Any CPU.ActiveCfg = Release|Any CPU
		{10151759-4783-4AB1-AF24-9303EAD0D69F}.Release|Any CPU.Build.0 = Release|Any CPU
		{10151759-4783-4AB1-AF24-9303EAD0D69F}.Release|ARM.ActiveCfg = Release|Any CPU
		{10151759-4783-4AB1-AF24-9303EAD0D69F}.Release|x64.ActiveCfg = Release|Any CPU
		{10151759-4783-4AB1-AF24-9303EAD0D69F}.Release|x86.ActiveCfg = Release|Any CPU
		{E760BBD1-FBF1-40C1-A604-ABF79FFFF7DE}.Debug|Any CPU.ActiveCfg = Debug|Any CPU
		{E760BBD1-FBF1-40C1-A604-ABF79FFFF7DE}.Debug|Any CPU.Build.0 = Debug|Any CPU
		{E760BBD1-FBF1-40C1-A604-ABF79FFFF7DE}.Debug|ARM.ActiveCfg = Debug|Any CPU
		{E760BBD1-FBF1-40C1-A604-ABF79FFFF7DE}.Debug|x64.ActiveCfg = Debug|Any CPU
		{E760BBD1-FBF1-40C1-A604-ABF79FFFF7DE}.Debug|x86.ActiveCfg = Debug|Any CPU
		{E760BBD1-FBF1-40C1-A604-ABF79FFFF7DE}.Release|Any CPU.ActiveCfg = Release|Any CPU
		{E760BBD1-FBF1-40C1-A604-ABF79FFFF7DE}.Release|Any CPU.Build.0 = Release|Any CPU
		{E760BBD1-FBF1-40C1-A604-ABF79FFFF7DE}.Release|ARM.ActiveCfg = Release|Any CPU
		{E760BBD1-FBF1-40C1-A604-ABF79FFFF7DE}.Release|x64.ActiveCfg = Release|Any CPU
		{E760BBD1-FBF1-40C1-A604-ABF79FFFF7DE}.Release|x86.ActiveCfg = Release|Any CPU
		{70C59C48-432D-410A-9298-BB42AEFCDE65}.Debug|Any CPU.ActiveCfg = Debug|Any CPU
		{70C59C48-432D-410A-9298-BB42AEFCDE65}.Debug|Any CPU.Build.0 = Debug|Any CPU
		{70C59C48-432D-410A-9298-BB42AEFCDE65}.Debug|ARM.ActiveCfg = Debug|Any CPU
		{70C59C48-432D-410A-9298-BB42AEFCDE65}.Debug|x64.ActiveCfg = Debug|Any CPU
		{70C59C48-432D-410A-9298-BB42AEFCDE65}.Debug|x86.ActiveCfg = Debug|Any CPU
		{70C59C48-432D-410A-9298-BB42AEFCDE65}.Release|Any CPU.ActiveCfg = Release|Any CPU
		{70C59C48-432D-410A-9298-BB42AEFCDE65}.Release|Any CPU.Build.0 = Release|Any CPU
		{70C59C48-432D-410A-9298-BB42AEFCDE65}.Release|ARM.ActiveCfg = Release|Any CPU
		{70C59C48-432D-410A-9298-BB42AEFCDE65}.Release|x64.ActiveCfg = Release|Any CPU
		{70C59C48-432D-410A-9298-BB42AEFCDE65}.Release|x86.ActiveCfg = Release|Any CPU
		{674CE340-68EE-45FB-82C9-FC9BCF54661C}.Debug|Any CPU.ActiveCfg = Debug|x86
		{674CE340-68EE-45FB-82C9-FC9BCF54661C}.Debug|Any CPU.Build.0 = Debug|x86
		{674CE340-68EE-45FB-82C9-FC9BCF54661C}.Debug|Any CPU.Deploy.0 = Debug|x86
		{674CE340-68EE-45FB-82C9-FC9BCF54661C}.Debug|ARM.ActiveCfg = Debug|ARM
		{674CE340-68EE-45FB-82C9-FC9BCF54661C}.Debug|ARM.Build.0 = Debug|ARM
		{674CE340-68EE-45FB-82C9-FC9BCF54661C}.Debug|ARM.Deploy.0 = Debug|ARM
		{674CE340-68EE-45FB-82C9-FC9BCF54661C}.Debug|x64.ActiveCfg = Debug|x64
		{674CE340-68EE-45FB-82C9-FC9BCF54661C}.Debug|x64.Build.0 = Debug|x64
		{674CE340-68EE-45FB-82C9-FC9BCF54661C}.Debug|x64.Deploy.0 = Debug|x64
		{674CE340-68EE-45FB-82C9-FC9BCF54661C}.Debug|x86.ActiveCfg = Debug|x86
		{674CE340-68EE-45FB-82C9-FC9BCF54661C}.Debug|x86.Build.0 = Debug|x86
		{674CE340-68EE-45FB-82C9-FC9BCF54661C}.Debug|x86.Deploy.0 = Debug|x86
		{674CE340-68EE-45FB-82C9-FC9BCF54661C}.Release|Any CPU.ActiveCfg = Release|x86
		{674CE340-68EE-45FB-82C9-FC9BCF54661C}.Release|Any CPU.Build.0 = Release|x86
		{674CE340-68EE-45FB-82C9-FC9BCF54661C}.Release|Any CPU.Deploy.0 = Release|x86
		{674CE340-68EE-45FB-82C9-FC9BCF54661C}.Release|ARM.ActiveCfg = Release|ARM
		{674CE340-68EE-45FB-82C9-FC9BCF54661C}.Release|ARM.Build.0 = Release|ARM
		{674CE340-68EE-45FB-82C9-FC9BCF54661C}.Release|ARM.Deploy.0 = Release|ARM
		{674CE340-68EE-45FB-82C9-FC9BCF54661C}.Release|x64.ActiveCfg = Release|x64
		{674CE340-68EE-45FB-82C9-FC9BCF54661C}.Release|x64.Build.0 = Release|x64
		{674CE340-68EE-45FB-82C9-FC9BCF54661C}.Release|x64.Deploy.0 = Release|x64
		{674CE340-68EE-45FB-82C9-FC9BCF54661C}.Release|x86.ActiveCfg = Release|x86
		{674CE340-68EE-45FB-82C9-FC9BCF54661C}.Release|x86.Build.0 = Release|x86
		{674CE340-68EE-45FB-82C9-FC9BCF54661C}.Release|x86.Deploy.0 = Release|x86
		{F9047A69-93A4-4408-BD57-207CDF294818}.Debug|Any CPU.ActiveCfg = Debug|x86
		{F9047A69-93A4-4408-BD57-207CDF294818}.Debug|Any CPU.Build.0 = Debug|x86
		{F9047A69-93A4-4408-BD57-207CDF294818}.Debug|Any CPU.Deploy.0 = Debug|x86
		{F9047A69-93A4-4408-BD57-207CDF294818}.Debug|ARM.ActiveCfg = Debug|ARM
		{F9047A69-93A4-4408-BD57-207CDF294818}.Debug|ARM.Build.0 = Debug|ARM
		{F9047A69-93A4-4408-BD57-207CDF294818}.Debug|ARM.Deploy.0 = Debug|ARM
		{F9047A69-93A4-4408-BD57-207CDF294818}.Debug|x64.ActiveCfg = Debug|x64
		{F9047A69-93A4-4408-BD57-207CDF294818}.Debug|x64.Build.0 = Debug|x64
		{F9047A69-93A4-4408-BD57-207CDF294818}.Debug|x64.Deploy.0 = Debug|x64
		{F9047A69-93A4-4408-BD57-207CDF294818}.Debug|x86.ActiveCfg = Debug|x86
		{F9047A69-93A4-4408-BD57-207CDF294818}.Debug|x86.Build.0 = Debug|x86
		{F9047A69-93A4-4408-BD57-207CDF294818}.Debug|x86.Deploy.0 = Debug|x86
		{F9047A69-93A4-4408-BD57-207CDF294818}.Release|Any CPU.ActiveCfg = Release|x86
		{F9047A69-93A4-4408-BD57-207CDF294818}.Release|Any CPU.Build.0 = Release|x86
		{F9047A69-93A4-4408-BD57-207CDF294818}.Release|Any CPU.Deploy.0 = Release|x86
		{F9047A69-93A4-4408-BD57-207CDF294818}.Release|ARM.ActiveCfg = Release|ARM
		{F9047A69-93A4-4408-BD57-207CDF294818}.Release|ARM.Build.0 = Release|ARM
		{F9047A69-93A4-4408-BD57-207CDF294818}.Release|ARM.Deploy.0 = Release|ARM
		{F9047A69-93A4-4408-BD57-207CDF294818}.Release|x64.ActiveCfg = Release|x64
		{F9047A69-93A4-4408-BD57-207CDF294818}.Release|x64.Build.0 = Release|x64
		{F9047A69-93A4-4408-BD57-207CDF294818}.Release|x64.Deploy.0 = Release|x64
		{F9047A69-93A4-4408-BD57-207CDF294818}.Release|x86.ActiveCfg = Release|x86
		{F9047A69-93A4-4408-BD57-207CDF294818}.Release|x86.Build.0 = Release|x86
		{F9047A69-93A4-4408-BD57-207CDF294818}.Release|x86.Deploy.0 = Release|x86
		{0FFF41F8-80E0-44D7-9BE1-DB28AA6966AE}.Debug|Any CPU.ActiveCfg = Debug|Any CPU
		{0FFF41F8-80E0-44D7-9BE1-DB28AA6966AE}.Debug|Any CPU.Build.0 = Debug|Any CPU
		{0FFF41F8-80E0-44D7-9BE1-DB28AA6966AE}.Debug|ARM.ActiveCfg = Debug|Any CPU
		{0FFF41F8-80E0-44D7-9BE1-DB28AA6966AE}.Debug|ARM.Build.0 = Debug|Any CPU
		{0FFF41F8-80E0-44D7-9BE1-DB28AA6966AE}.Debug|x64.ActiveCfg = Debug|Any CPU
		{0FFF41F8-80E0-44D7-9BE1-DB28AA6966AE}.Debug|x64.Build.0 = Debug|Any CPU
		{0FFF41F8-80E0-44D7-9BE1-DB28AA6966AE}.Debug|x86.ActiveCfg = Debug|Any CPU
		{0FFF41F8-80E0-44D7-9BE1-DB28AA6966AE}.Debug|x86.Build.0 = Debug|Any CPU
		{0FFF41F8-80E0-44D7-9BE1-DB28AA6966AE}.Release|Any CPU.ActiveCfg = Release|Any CPU
		{0FFF41F8-80E0-44D7-9BE1-DB28AA6966AE}.Release|Any CPU.Build.0 = Release|Any CPU
		{0FFF41F8-80E0-44D7-9BE1-DB28AA6966AE}.Release|ARM.ActiveCfg = Release|Any CPU
		{0FFF41F8-80E0-44D7-9BE1-DB28AA6966AE}.Release|ARM.Build.0 = Release|Any CPU
		{0FFF41F8-80E0-44D7-9BE1-DB28AA6966AE}.Release|x64.ActiveCfg = Release|Any CPU
		{0FFF41F8-80E0-44D7-9BE1-DB28AA6966AE}.Release|x64.Build.0 = Release|Any CPU
		{0FFF41F8-80E0-44D7-9BE1-DB28AA6966AE}.Release|x86.ActiveCfg = Release|Any CPU
		{0FFF41F8-80E0-44D7-9BE1-DB28AA6966AE}.Release|x86.Build.0 = Release|Any CPU
		{D323210C-D447-4978-9E1F-72E703A635FC}.Debug|Any CPU.ActiveCfg = Debug|x86
		{D323210C-D447-4978-9E1F-72E703A635FC}.Debug|Any CPU.Build.0 = Debug|x86
		{D323210C-D447-4978-9E1F-72E703A635FC}.Debug|Any CPU.Deploy.0 = Debug|x86
		{D323210C-D447-4978-9E1F-72E703A635FC}.Debug|ARM.ActiveCfg = Debug|ARM
		{D323210C-D447-4978-9E1F-72E703A635FC}.Debug|ARM.Build.0 = Debug|ARM
		{D323210C-D447-4978-9E1F-72E703A635FC}.Debug|ARM.Deploy.0 = Debug|ARM
		{D323210C-D447-4978-9E1F-72E703A635FC}.Debug|x64.ActiveCfg = Debug|x64
		{D323210C-D447-4978-9E1F-72E703A635FC}.Debug|x64.Build.0 = Debug|x64
		{D323210C-D447-4978-9E1F-72E703A635FC}.Debug|x64.Deploy.0 = Debug|x64
		{D323210C-D447-4978-9E1F-72E703A635FC}.Debug|x86.ActiveCfg = Debug|x86
		{D323210C-D447-4978-9E1F-72E703A635FC}.Debug|x86.Build.0 = Debug|x86
		{D323210C-D447-4978-9E1F-72E703A635FC}.Debug|x86.Deploy.0 = Debug|x86
		{D323210C-D447-4978-9E1F-72E703A635FC}.Release|Any CPU.ActiveCfg = Release|x86
		{D323210C-D447-4978-9E1F-72E703A635FC}.Release|Any CPU.Build.0 = Release|x86
		{D323210C-D447-4978-9E1F-72E703A635FC}.Release|Any CPU.Deploy.0 = Release|x86
		{D323210C-D447-4978-9E1F-72E703A635FC}.Release|ARM.ActiveCfg = Release|ARM
		{D323210C-D447-4978-9E1F-72E703A635FC}.Release|ARM.Build.0 = Release|ARM
		{D323210C-D447-4978-9E1F-72E703A635FC}.Release|ARM.Deploy.0 = Release|ARM
		{D323210C-D447-4978-9E1F-72E703A635FC}.Release|x64.ActiveCfg = Release|x64
		{D323210C-D447-4978-9E1F-72E703A635FC}.Release|x64.Build.0 = Release|x64
		{D323210C-D447-4978-9E1F-72E703A635FC}.Release|x64.Deploy.0 = Release|x64
		{D323210C-D447-4978-9E1F-72E703A635FC}.Release|x86.ActiveCfg = Release|x86
		{D323210C-D447-4978-9E1F-72E703A635FC}.Release|x86.Build.0 = Release|x86
		{D323210C-D447-4978-9E1F-72E703A635FC}.Release|x86.Deploy.0 = Release|x86
		{BE1B764D-0BD6-4D43-8BEE-1EA1DD9DAD8E}.Debug|Any CPU.ActiveCfg = Debug|Any CPU
		{BE1B764D-0BD6-4D43-8BEE-1EA1DD9DAD8E}.Debug|Any CPU.Build.0 = Debug|Any CPU
		{BE1B764D-0BD6-4D43-8BEE-1EA1DD9DAD8E}.Debug|ARM.ActiveCfg = Debug|Any CPU
		{BE1B764D-0BD6-4D43-8BEE-1EA1DD9DAD8E}.Debug|ARM.Build.0 = Debug|Any CPU
		{BE1B764D-0BD6-4D43-8BEE-1EA1DD9DAD8E}.Debug|x64.ActiveCfg = Debug|Any CPU
		{BE1B764D-0BD6-4D43-8BEE-1EA1DD9DAD8E}.Debug|x64.Build.0 = Debug|Any CPU
		{BE1B764D-0BD6-4D43-8BEE-1EA1DD9DAD8E}.Debug|x86.ActiveCfg = Debug|Any CPU
		{BE1B764D-0BD6-4D43-8BEE-1EA1DD9DAD8E}.Debug|x86.Build.0 = Debug|Any CPU
		{BE1B764D-0BD6-4D43-8BEE-1EA1DD9DAD8E}.Release|Any CPU.ActiveCfg = Release|Any CPU
		{BE1B764D-0BD6-4D43-8BEE-1EA1DD9DAD8E}.Release|Any CPU.Build.0 = Release|Any CPU
		{BE1B764D-0BD6-4D43-8BEE-1EA1DD9DAD8E}.Release|ARM.ActiveCfg = Release|Any CPU
		{BE1B764D-0BD6-4D43-8BEE-1EA1DD9DAD8E}.Release|ARM.Build.0 = Release|Any CPU
		{BE1B764D-0BD6-4D43-8BEE-1EA1DD9DAD8E}.Release|x64.ActiveCfg = Release|Any CPU
		{BE1B764D-0BD6-4D43-8BEE-1EA1DD9DAD8E}.Release|x64.Build.0 = Release|Any CPU
		{BE1B764D-0BD6-4D43-8BEE-1EA1DD9DAD8E}.Release|x86.ActiveCfg = Release|Any CPU
		{BE1B764D-0BD6-4D43-8BEE-1EA1DD9DAD8E}.Release|x86.Build.0 = Release|Any CPU
		{DF1ABCFA-1A5D-4C83-9A43-FD6F0AA4EE51}.Debug|Any CPU.ActiveCfg = Debug|Any CPU
		{DF1ABCFA-1A5D-4C83-9A43-FD6F0AA4EE51}.Debug|Any CPU.Build.0 = Debug|Any CPU
		{DF1ABCFA-1A5D-4C83-9A43-FD6F0AA4EE51}.Debug|ARM.ActiveCfg = Debug|Any CPU
		{DF1ABCFA-1A5D-4C83-9A43-FD6F0AA4EE51}.Debug|ARM.Build.0 = Debug|Any CPU
		{DF1ABCFA-1A5D-4C83-9A43-FD6F0AA4EE51}.Debug|x64.ActiveCfg = Debug|Any CPU
		{DF1ABCFA-1A5D-4C83-9A43-FD6F0AA4EE51}.Debug|x64.Build.0 = Debug|Any CPU
		{DF1ABCFA-1A5D-4C83-9A43-FD6F0AA4EE51}.Debug|x86.ActiveCfg = Debug|Any CPU
		{DF1ABCFA-1A5D-4C83-9A43-FD6F0AA4EE51}.Debug|x86.Build.0 = Debug|Any CPU
		{DF1ABCFA-1A5D-4C83-9A43-FD6F0AA4EE51}.Release|Any CPU.ActiveCfg = Release|Any CPU
		{DF1ABCFA-1A5D-4C83-9A43-FD6F0AA4EE51}.Release|Any CPU.Build.0 = Release|Any CPU
		{DF1ABCFA-1A5D-4C83-9A43-FD6F0AA4EE51}.Release|ARM.ActiveCfg = Release|Any CPU
		{DF1ABCFA-1A5D-4C83-9A43-FD6F0AA4EE51}.Release|ARM.Build.0 = Release|Any CPU
		{DF1ABCFA-1A5D-4C83-9A43-FD6F0AA4EE51}.Release|x64.ActiveCfg = Release|Any CPU
		{DF1ABCFA-1A5D-4C83-9A43-FD6F0AA4EE51}.Release|x64.Build.0 = Release|Any CPU
		{DF1ABCFA-1A5D-4C83-9A43-FD6F0AA4EE51}.Release|x86.ActiveCfg = Release|Any CPU
		{DF1ABCFA-1A5D-4C83-9A43-FD6F0AA4EE51}.Release|x86.Build.0 = Release|Any CPU
		{A06179EE-849D-40BC-9833-8EBA4D97F34C}.Debug|Any CPU.ActiveCfg = Debug|Any CPU
		{A06179EE-849D-40BC-9833-8EBA4D97F34C}.Debug|Any CPU.Build.0 = Debug|Any CPU
		{A06179EE-849D-40BC-9833-8EBA4D97F34C}.Debug|ARM.ActiveCfg = Debug|Any CPU
		{A06179EE-849D-40BC-9833-8EBA4D97F34C}.Debug|ARM.Build.0 = Debug|Any CPU
		{A06179EE-849D-40BC-9833-8EBA4D97F34C}.Debug|x64.ActiveCfg = Debug|Any CPU
		{A06179EE-849D-40BC-9833-8EBA4D97F34C}.Debug|x64.Build.0 = Debug|Any CPU
		{A06179EE-849D-40BC-9833-8EBA4D97F34C}.Debug|x86.ActiveCfg = Debug|Any CPU
		{A06179EE-849D-40BC-9833-8EBA4D97F34C}.Debug|x86.Build.0 = Debug|Any CPU
		{A06179EE-849D-40BC-9833-8EBA4D97F34C}.Release|Any CPU.ActiveCfg = Release|Any CPU
		{A06179EE-849D-40BC-9833-8EBA4D97F34C}.Release|Any CPU.Build.0 = Release|Any CPU
		{A06179EE-849D-40BC-9833-8EBA4D97F34C}.Release|ARM.ActiveCfg = Release|Any CPU
		{A06179EE-849D-40BC-9833-8EBA4D97F34C}.Release|ARM.Build.0 = Release|Any CPU
		{A06179EE-849D-40BC-9833-8EBA4D97F34C}.Release|x64.ActiveCfg = Release|Any CPU
		{A06179EE-849D-40BC-9833-8EBA4D97F34C}.Release|x64.Build.0 = Release|Any CPU
		{A06179EE-849D-40BC-9833-8EBA4D97F34C}.Release|x86.ActiveCfg = Release|Any CPU
		{A06179EE-849D-40BC-9833-8EBA4D97F34C}.Release|x86.Build.0 = Release|Any CPU
	EndGlobalSection
	GlobalSection(SolutionProperties) = preSolution
		HideSolutionNode = FALSE
	EndGlobalSection
EndGlobal
